
Microsoft Visual Studio Solution File, Format Version 12.00
# Visual Studio Version 17
VisualStudioVersion = 17.9.34714.143
MinimumVisualStudioVersion = 10.0.40219.1
Project("{9A19103F-16F7-4668-BE54-9A1E7A4F7556}") = "wf_SecretoBlockchain", "wf_SecretoBlockchain\wf_SecretoBlockchain.csproj", "{7597CFBE-E292-477E-876D-0465A32E895A}"
EndProject
Project("{FAE04EC0-301F-11D3-BF4B-00C04F79EFBC}") = "wf_SecretoClient", "wf_SecretoClient\wf_SecretoClient.csproj", "{872B6E0A-EAE5-4A89-93EA-77293CE5EDD2}"
EndProject
Global
	GlobalSection(SolutionConfigurationPlatforms) = preSolution
		Debug|Any CPU = Debug|Any CPU
		Release|Any CPU = Release|Any CPU
	EndGlobalSection
	GlobalSection(ProjectConfigurationPlatforms) = postSolution
		{7597CFBE-E292-477E-876D-0465A32E895A}.Debug|Any CPU.ActiveCfg = Debug|Any CPU
		{7597CFBE-E292-477E-876D-0465A32E895A}.Debug|Any CPU.Build.0 = Debug|Any CPU
		{7597CFBE-E292-477E-876D-0465A32E895A}.Release|Any CPU.ActiveCfg = Release|Any CPU
		{7597CFBE-E292-477E-876D-0465A32E895A}.Release|Any CPU.Build.0 = Release|Any CPU
		{872B6E0A-EAE5-4A89-93EA-77293CE5EDD2}.Debug|Any CPU.ActiveCfg = Debug|Any CPU
		{872B6E0A-EAE5-4A89-93EA-77293CE5EDD2}.Debug|Any CPU.Build.0 = Debug|Any CPU
		{872B6E0A-EAE5-4A89-93EA-77293CE5EDD2}.Release|Any CPU.ActiveCfg = Release|Any CPU
		{872B6E0A-EAE5-4A89-93EA-77293CE5EDD2}.Release|Any CPU.Build.0 = Release|Any CPU
	EndGlobalSection
	GlobalSection(SolutionProperties) = preSolution
		HideSolutionNode = FALSE
	EndGlobalSection
	GlobalSection(ExtensibilityGlobals) = postSolution
		SolutionGuid = {B55B9788-7962-4047-BAAD-8ADD358A0500}
	EndGlobalSection
EndGlobal
